
Microsoft Visual Studio Solution File, Format Version 12.00
# Visual Studio Version 17
VisualStudioVersion = 17.9.34723.18
MinimumVisualStudioVersion = 10.0.40219.1
Project("{9A19103F-16F7-4668-BE54-9A1E7A4F7556}") = "RunGroopWebApp", "RunGroopWebApp\RunGroopWebApp.csproj", "{094627D0-A7BF-49CD-96FF-B18E89BA2460}"
EndProject
Global
	GlobalSection(SolutionConfigurationPlatforms) = preSolution
		Debug|Any CPU = Debug|Any CPU
		Release|Any CPU = Release|Any CPU
	EndGlobalSection
	GlobalSection(ProjectConfigurationPlatforms) = postSolution
		{094627D0-A7BF-49CD-96FF-B18E89BA2460}.Debug|Any CPU.ActiveCfg = Debug|Any CPU
		{094627D0-A7BF-49CD-96FF-B18E89BA2460}.Debug|Any CPU.Build.0 = Debug|Any CPU
		{094627D0-A7BF-49CD-96FF-B18E89BA2460}.Release|Any CPU.ActiveCfg = Release|Any CPU
		{094627D0-A7BF-49CD-96FF-B18E89BA2460}.Release|Any CPU.Build.0 = Release|Any CPU
	EndGlobalSection
	GlobalSection(SolutionProperties) = preSolution
		HideSolutionNode = FALSE
	EndGlobalSection
	GlobalSection(ExtensibilityGlobals) = postSolution
		SolutionGuid = {1DB99DBF-E07D-4D69-A61B-80F0CEC2B980}
	EndGlobalSection
EndGlobal
